// !$*UTF8*$!
{
	archiveVersion = 1;
	classes = {
	};
	objectVersion = 42;
	objects = {

/* Begin PBXBuildFile section */
		2b21574b1d08f16229459f08df768cb6 /* simpleLogger.cpp in Sources */ = {isa = PBXBuildFile; fileRef = 45c35527a6bfc12f9414c498602c2f98 /* simpleLogger.cpp */; };
		305f6ca0d586511d1a4b74aac51e841d /* guiBaseObject.cpp in Sources */ = {isa = PBXBuildFile; fileRef = 3d0b6dbf17d58acc63e46173855e400e /* guiBaseObject.cpp */; };
		32228dcf2887e54f5518a192f902841c /* guiCallbackValue.cpp in Sources */ = {isa = PBXBuildFile; fileRef = 291819969207c5a1d55818f3694bfe94 /* guiCallbackValue.cpp */; };
		3fc457e7dbc6f803e836f84ce3732012 /* guiTypeChartPlotter.cpp in Sources */ = {isa = PBXBuildFile; fileRef = 9ec2166ddf5a4b37248379da5791c6b8 /* guiTypeChartPlotter.cpp */; };
		48c4cc14f41c5011881cf4c9f383fa2f /* guiTypeToggle.cpp in Sources */ = {isa = PBXBuildFile; fileRef = d23b06cd69a9a8a33f30aff9936d1a9e /* guiTypeToggle.cpp */; };
		4db1e0e9777d54af9a5c730c164d248d /* ofxControlPanel.cpp in Sources */ = {isa = PBXBuildFile; fileRef = dbaf8334a7346565465b324a07d99ab6 /* ofxControlPanel.cpp */; };
		5a4349e9754d6fa14c0f2a3a1abc30b6 /* tinyxmlparser.cpp in Sources */ = {isa = PBXBuildFile; fileRef = fc5da1c87211d4f6377da7199d8c5a1e /* tinyxmlparser.cpp */; };
		63b57ac5bf4ef088491e0317dbb2ecaa /* ofxXmlSettings.cpp in Sources */ = {isa = PBXBuildFile; fileRef = 50df87d612c5aae17aafa6c02c6bc570 /* ofxXmlSettings.cpp */; };
		72c9c04e23596576dc20d815f239e68d /* particle.cpp in Sources */ = {isa = PBXBuildFile; fileRef = 09150bf591fddf0eca6d1d302b43ae78 /* particle.cpp */; };
		77cdac4e72641a926f66cf2352a4d28b /* guiTextBase.cpp in Sources */ = {isa = PBXBuildFile; fileRef = 84f3a6d034c336596c209486a18be99d /* guiTextBase.cpp */; };
		855211085fa3a30a3b246698853e8bed /* guiTypeTextDropDown.cpp in Sources */ = {isa = PBXBuildFile; fileRef = cd02aaa473f9ac139edd43be91dfa68b /* guiTypeTextDropDown.cpp */; };
		880714df8e5b06ba88b98c49074027af /* guiTypePanel.cpp in Sources */ = {isa = PBXBuildFile; fileRef = 1989a13c067c5d6d12ce68d5b4f6f8cb /* guiTypePanel.cpp */; };
		8f3de660bb3f8da1013bebe9f60a00f8 /* guiTypeButtonSlider.cpp in Sources */ = {isa = PBXBuildFile; fileRef = 65c612c51c0a661f4fb6648c901b15c4 /* guiTypeButtonSlider.cpp */; };
		9184b44a8bb766700e50e1f58425b448 /* guiValue.cpp in Sources */ = {isa = PBXBuildFile; fileRef = d0cdf78d2fbc06834766795e9d58c3e5 /* guiValue.cpp */; };
		933a2227713c720ceff80fd967d0a8ee /* tinyxml.cpp in Sources */ = {isa = PBXBuildFile; fileRef = 2b40eda85beb63e46785bc299a638898 /* tinyxml.cpp */; };
		9d44dc88ef9e7991b4a09951e2e4769f /* tinyxmlerror.cpp in Sources */ = {isa = PBXBuildFile; fileRef = 832bdc407620cdba568b713d2252c43c /* tinyxmlerror.cpp */; };
		BBAB23CB13894F3D00AA2426 /* GLUT.framework in CopyFiles */ = {isa = PBXBuildFile; fileRef = BBAB23BE13894E4700AA2426 /* GLUT.framework */; };
		E4328149138ABC9F0047C5CB /* openFrameworksDebug.a in Frameworks */ = {isa = PBXBuildFile; fileRef = E4328148138ABC890047C5CB /* openFrameworksDebug.a */; };
		E45BE97B0E8CC7DD009D7055 /* AGL.framework in Frameworks */ = {isa = PBXBuildFile; fileRef = E45BE9710E8CC7DD009D7055 /* AGL.framework */; };
		E45BE97C0E8CC7DD009D7055 /* ApplicationServices.framework in Frameworks */ = {isa = PBXBuildFile; fileRef = E45BE9720E8CC7DD009D7055 /* ApplicationServices.framework */; };
		E45BE97D0E8CC7DD009D7055 /* AudioToolbox.framework in Frameworks */ = {isa = PBXBuildFile; fileRef = E45BE9730E8CC7DD009D7055 /* AudioToolbox.framework */; };
		E45BE97E0E8CC7DD009D7055 /* Carbon.framework in Frameworks */ = {isa = PBXBuildFile; fileRef = E45BE9740E8CC7DD009D7055 /* Carbon.framework */; };
		E45BE97F0E8CC7DD009D7055 /* CoreAudio.framework in Frameworks */ = {isa = PBXBuildFile; fileRef = E45BE9750E8CC7DD009D7055 /* CoreAudio.framework */; };
		E45BE9800E8CC7DD009D7055 /* CoreFoundation.framework in Frameworks */ = {isa = PBXBuildFile; fileRef = E45BE9760E8CC7DD009D7055 /* CoreFoundation.framework */; };
		E45BE9810E8CC7DD009D7055 /* CoreServices.framework in Frameworks */ = {isa = PBXBuildFile; fileRef = E45BE9770E8CC7DD009D7055 /* CoreServices.framework */; };
		E45BE9830E8CC7DD009D7055 /* OpenGL.framework in Frameworks */ = {isa = PBXBuildFile; fileRef = E45BE9790E8CC7DD009D7055 /* OpenGL.framework */; };
		E45BE9840E8CC7DD009D7055 /* QuickTime.framework in Frameworks */ = {isa = PBXBuildFile; fileRef = E45BE97A0E8CC7DD009D7055 /* QuickTime.framework */; };
		E4B69E200A3A1BDC003C02F2 /* main.cpp in Sources */ = {isa = PBXBuildFile; fileRef = E4B69E1D0A3A1BDC003C02F2 /* main.cpp */; };
		E4B69E210A3A1BDC003C02F2 /* testApp.cpp in Sources */ = {isa = PBXBuildFile; fileRef = E4B69E1E0A3A1BDC003C02F2 /* testApp.cpp */; };
		E4C2424710CC5A17004149E2 /* AppKit.framework in Frameworks */ = {isa = PBXBuildFile; fileRef = E4C2424410CC5A17004149E2 /* AppKit.framework */; };
		E4C2424810CC5A17004149E2 /* Cocoa.framework in Frameworks */ = {isa = PBXBuildFile; fileRef = E4C2424510CC5A17004149E2 /* Cocoa.framework */; };
		E4C2424910CC5A17004149E2 /* IOKit.framework in Frameworks */ = {isa = PBXBuildFile; fileRef = E4C2424610CC5A17004149E2 /* IOKit.framework */; };
		E4EB6799138ADC1D00A09F29 /* GLUT.framework in Frameworks */ = {isa = PBXBuildFile; fileRef = BBAB23BE13894E4700AA2426 /* GLUT.framework */; };
		a42f28a57e1988b667f2c5c760aceefb /* guiCallback.cpp in Sources */ = {isa = PBXBuildFile; fileRef = f13fcfc0acd6759dfdc0db3439f1e1c1 /* guiCallback.cpp */; };
		adcad89d19af644de4b980dd5ae66b07 /* guiTypeMultiToggle.cpp in Sources */ = {isa = PBXBuildFile; fileRef = 5a62f6329268b6c002d0b5a37f7a0ca3 /* guiTypeMultiToggle.cpp */; };
		af9eed97e5787d318b5c5fc91f20fdee /* simpleFileLister.cpp in Sources */ = {isa = PBXBuildFile; fileRef = d170deb278727b0f538fb8074a9115ce /* simpleFileLister.cpp */; };
		b1d83fd9410a8c4b53e41fa04fb1912a /* guiTypeLabel.cpp in Sources */ = {isa = PBXBuildFile; fileRef = 149016b1a89a34f9d2461c49af7654a5 /* guiTypeLabel.cpp */; };
		b4679340c8d9897c694ba5a56112b287 /* guiTypeFileLister.cpp in Sources */ = {isa = PBXBuildFile; fileRef = c40533d2133b5f12824b3ef742811c38 /* guiTypeFileLister.cpp */; };
		b791d0cb11613ccb610a683da019435b /* guiTypeText.cpp in Sources */ = {isa = PBXBuildFile; fileRef = eaa17c174c209caa64d339352d80a4f2 /* guiTypeText.cpp */; };
		c0c58edf9bb79c5deeb2a42a45b05fff /* guiTypeSlider.cpp in Sources */ = {isa = PBXBuildFile; fileRef = 9ed1f5c2fba890c596f543287b11007f /* guiTypeSlider.cpp */; };
		c58dd68752d2f96fdbb0d32727c0af40 /* guiType2DSlider.cpp in Sources */ = {isa = PBXBuildFile; fileRef = e273ebd7fb776b4300033078f962e2db /* guiType2DSlider.cpp */; };
		d5a6d19315822ce081324047e45afab1 /* guiColor.cpp in Sources */ = {isa = PBXBuildFile; fileRef = b87503ec7114d587c4b6d0f8d99026a3 /* guiColor.cpp */; };
		d8c42ab95a0fa3c44fc6b4765087223f /* guiTypeLogger.cpp in Sources */ = {isa = PBXBuildFile; fileRef = c63af39e1cb32d27afe6cfab00df8ed6 /* guiTypeLogger.cpp */; };
		db63be57e70db9197b5d4b2fe2542ec1 /* guiTypeDrawable.cpp in Sources */ = {isa = PBXBuildFile; fileRef = 097568880bc7d828549a109d32b5786b /* guiTypeDrawable.cpp */; };
		dcb9250d6b51cd3062ab9c5ad2efab11 /* guiTypeTextInput.cpp in Sources */ = {isa = PBXBuildFile; fileRef = f407459af9a03d19ed0ef1f11c3f3d37 /* guiTypeTextInput.cpp */; };
		de1502c2240bba214d4f95d330292739 /* guiTypeVairableLister.cpp in Sources */ = {isa = PBXBuildFile; fileRef = 506cb1ac56f228ef96c2263083661da8 /* guiTypeVairableLister.cpp */; };
		ecf32d4c2482dcecec323401d8a07249 /* simpleColor.cpp in Sources */ = {isa = PBXBuildFile; fileRef = f8ba871cc5ecf5c95d891b6397116784 /* simpleColor.cpp */; };
		f30303a05c23473489e16e88a327f0bc /* guiTypeCustom.cpp in Sources */ = {isa = PBXBuildFile; fileRef = e7f8fbadd144b9a25be47b0f5b5932fb /* guiTypeCustom.cpp */; };
		fd0fae2d501eadf18a167574f33808e5 /* guiTypeVideo.cpp in Sources */ = {isa = PBXBuildFile; fileRef = 3641f993e6902e1fbbb67755783e6591 /* guiTypeVideo.cpp */; };
/* End PBXBuildFile section */

/* Begin PBXContainerItemProxy section */
		E4328147138ABC890047C5CB /* PBXContainerItemProxy */ = {
			isa = PBXContainerItemProxy;
			containerPortal = E4328143138ABC890047C5CB /* openFrameworksLib.xcodeproj */;
			proxyType = 2;
			remoteGlobalIDString = E4B27C1510CBEB8E00536013;
			remoteInfo = openFrameworks;
		};
		E4EEB9AB138B136A00A80321 /* PBXContainerItemProxy */ = {
			isa = PBXContainerItemProxy;
			containerPortal = E4328143138ABC890047C5CB /* openFrameworksLib.xcodeproj */;
			proxyType = 1;
			remoteGlobalIDString = E4B27C1410CBEB8E00536013;
			remoteInfo = openFrameworks;
		};
/* End PBXContainerItemProxy section */

/* Begin PBXCopyFilesBuildPhase section */
		E4C2427710CC5ABF004149E2 /* CopyFiles */ = {
			isa = PBXCopyFilesBuildPhase;
			buildActionMask = 2147483647;
			dstPath = "";
			dstSubfolderSpec = 10;
			files = (
				BBAB23CB13894F3D00AA2426 /* GLUT.framework in CopyFiles */,
			);
			runOnlyForDeploymentPostprocessing = 0;
		};
/* End PBXCopyFilesBuildPhase section */

/* Begin PBXFileReference section */
		01dcc0911400f9acf5b65578af4ec8f9 /* ofxXmlSettings.h */ = {isa = PBXFileReference; explicitFileType = sourcecode.c.h; fileEncoding = 30; name = ofxXmlSettings.h; path = ../../../addons/ofxXmlSettings/src/ofxXmlSettings.h; sourceTree = SOURCE_ROOT; };
		02e924bb5d84723c6494231e228bc999 /* guiTypeText.h */ = {isa = PBXFileReference; explicitFileType = sourcecode.c.h; fileEncoding = 30; name = guiTypeText.h; path = src/ofxControlPanel/src/guiTypeText.h; sourceTree = SOURCE_ROOT; };
		09150bf591fddf0eca6d1d302b43ae78 /* particle.cpp */ = {isa = PBXFileReference; explicitFileType = sourcecode.cpp.cpp; fileEncoding = 30; name = particle.cpp; path = src/particle.cpp; sourceTree = SOURCE_ROOT; };
		097568880bc7d828549a109d32b5786b /* guiTypeDrawable.cpp */ = {isa = PBXFileReference; explicitFileType = sourcecode.cpp.cpp; fileEncoding = 30; name = guiTypeDrawable.cpp; path = src/ofxControlPanel/src/guiTypeDrawable.cpp; sourceTree = SOURCE_ROOT; };
		09ad3a067ccb2fbb3d58a0ea485d06bf /* guiTypeTextInput.h */ = {isa = PBXFileReference; explicitFileType = sourcecode.c.h; fileEncoding = 30; name = guiTypeTextInput.h; path = src/ofxControlPanel/src/guiTypeTextInput.h; sourceTree = SOURCE_ROOT; };
		11ca502443f9fd77eef92faa87e503d4 /* guiTypePanel.h */ = {isa = PBXFileReference; explicitFileType = sourcecode.c.h; fileEncoding = 30; name = guiTypePanel.h; path = src/ofxControlPanel/src/guiTypePanel.h; sourceTree = SOURCE_ROOT; };
		149016b1a89a34f9d2461c49af7654a5 /* guiTypeLabel.cpp */ = {isa = PBXFileReference; explicitFileType = sourcecode.cpp.cpp; fileEncoding = 30; name = guiTypeLabel.cpp; path = src/ofxControlPanel/src/guiTypeLabel.cpp; sourceTree = SOURCE_ROOT; };
		191b7643f50f4e35b835ffaa95253acd /* guiXmlValue.h */ = {isa = PBXFileReference; explicitFileType = sourcecode.c.h; fileEncoding = 30; name = guiXmlValue.h; path = src/ofxControlPanel/src/guiXmlValue.h; sourceTree = SOURCE_ROOT; };
		1989a13c067c5d6d12ce68d5b4f6f8cb /* guiTypePanel.cpp */ = {isa = PBXFileReference; explicitFileType = sourcecode.cpp.cpp; fileEncoding = 30; name = guiTypePanel.cpp; path = src/ofxControlPanel/src/guiTypePanel.cpp; sourceTree = SOURCE_ROOT; };
		1c413c4807986812e90af12753f3a89a /* guiColor.h */ = {isa = PBXFileReference; explicitFileType = sourcecode.c.h; fileEncoding = 30; name = guiColor.h; path = src/ofxControlPanel/src/guiColor.h; sourceTree = SOURCE_ROOT; };
		1c800e7d2478cdc0b86b86ad67dacb18 /* guiTypeMultiToggle.h */ = {isa = PBXFileReference; explicitFileType = sourcecode.c.h; fileEncoding = 30; name = guiTypeMultiToggle.h; path = src/ofxControlPanel/src/guiTypeMultiToggle.h; sourceTree = SOURCE_ROOT; };
		1ed6ad99fd92fb0800c056d3675a988e /* guiTypeChartPlotter.h */ = {isa = PBXFileReference; explicitFileType = sourcecode.c.h; fileEncoding = 30; name = guiTypeChartPlotter.h; path = src/ofxControlPanel/src/guiTypeChartPlotter.h; sourceTree = SOURCE_ROOT; };
		2758020c04cc35f2fd1d28eed4fd98eb /* guiTypeCustom.h */ = {isa = PBXFileReference; explicitFileType = sourcecode.c.h; fileEncoding = 30; name = guiTypeCustom.h; path = src/ofxControlPanel/src/guiTypeCustom.h; sourceTree = SOURCE_ROOT; };
		291819969207c5a1d55818f3694bfe94 /* guiCallbackValue.cpp */ = {isa = PBXFileReference; explicitFileType = sourcecode.cpp.cpp; fileEncoding = 30; name = guiCallbackValue.cpp; path = src/ofxControlPanel/src/guiCallbackValue.cpp; sourceTree = SOURCE_ROOT; };
		2b40eda85beb63e46785bc299a638898 /* tinyxml.cpp */ = {isa = PBXFileReference; explicitFileType = sourcecode.cpp.cpp; fileEncoding = 30; name = tinyxml.cpp; path = ../../../addons/ofxXmlSettings/libs/tinyxml.cpp; sourceTree = SOURCE_ROOT; };
		3404c6f397ed50fa25128632681b8574 /* guiBaseObject.h */ = {isa = PBXFileReference; explicitFileType = sourcecode.c.h; fileEncoding = 30; name = guiBaseObject.h; path = src/ofxControlPanel/src/guiBaseObject.h; sourceTree = SOURCE_ROOT; };
		3641f993e6902e1fbbb67755783e6591 /* guiTypeVideo.cpp */ = {isa = PBXFileReference; explicitFileType = sourcecode.cpp.cpp; fileEncoding = 30; name = guiTypeVideo.cpp; path = src/ofxControlPanel/src/guiTypeVideo.cpp; sourceTree = SOURCE_ROOT; };
		390a886434ea52cc82c5304a8efa6330 /* guiTypeVideo.h */ = {isa = PBXFileReference; explicitFileType = sourcecode.c.h; fileEncoding = 30; name = guiTypeVideo.h; path = src/ofxControlPanel/src/guiTypeVideo.h; sourceTree = SOURCE_ROOT; };
		3b7942a649e6169c9afd886532b95d75 /* ofxControlPanel.h */ = {isa = PBXFileReference; explicitFileType = sourcecode.c.h; fileEncoding = 30; name = ofxControlPanel.h; path = src/ofxControlPanel/src/ofxControlPanel.h; sourceTree = SOURCE_ROOT; };
		3d0b6dbf17d58acc63e46173855e400e /* guiBaseObject.cpp */ = {isa = PBXFileReference; explicitFileType = sourcecode.cpp.cpp; fileEncoding = 30; name = guiBaseObject.cpp; path = src/ofxControlPanel/src/guiBaseObject.cpp; sourceTree = SOURCE_ROOT; };
		3e0936771537b38b1db72fa48b5c224d /* guiTypeSlider.h */ = {isa = PBXFileReference; explicitFileType = sourcecode.c.h; fileEncoding = 30; name = guiTypeSlider.h; path = src/ofxControlPanel/src/guiTypeSlider.h; sourceTree = SOURCE_ROOT; };
		3f62fab9cbdc4e3a8fe5f9cdfe5136b0 /* guiTypeButtonSlider.h */ = {isa = PBXFileReference; explicitFileType = sourcecode.c.h; fileEncoding = 30; name = guiTypeButtonSlider.h; path = src/ofxControlPanel/src/guiTypeButtonSlider.h; sourceTree = SOURCE_ROOT; };
		45c35527a6bfc12f9414c498602c2f98 /* simpleLogger.cpp */ = {isa = PBXFileReference; explicitFileType = sourcecode.cpp.cpp; fileEncoding = 30; name = simpleLogger.cpp; path = src/ofxControlPanel/src/simpleLogger.cpp; sourceTree = SOURCE_ROOT; };
		4f21538397b239430ab94917fa7e4679 /* guiTypeDrawable.h */ = {isa = PBXFileReference; explicitFileType = sourcecode.c.h; fileEncoding = 30; name = guiTypeDrawable.h; path = src/ofxControlPanel/src/guiTypeDrawable.h; sourceTree = SOURCE_ROOT; };
		506cb1ac56f228ef96c2263083661da8 /* guiTypeVairableLister.cpp */ = {isa = PBXFileReference; explicitFileType = sourcecode.cpp.cpp; fileEncoding = 30; name = guiTypeVairableLister.cpp; path = src/ofxControlPanel/src/guiTypeVairableLister.cpp; sourceTree = SOURCE_ROOT; };
		50df87d612c5aae17aafa6c02c6bc570 /* ofxXmlSettings.cpp */ = {isa = PBXFileReference; explicitFileType = sourcecode.cpp.cpp; fileEncoding = 30; name = ofxXmlSettings.cpp; path = ../../../addons/ofxXmlSettings/src/ofxXmlSettings.cpp; sourceTree = SOURCE_ROOT; };
		5a62f6329268b6c002d0b5a37f7a0ca3 /* guiTypeMultiToggle.cpp */ = {isa = PBXFileReference; explicitFileType = sourcecode.cpp.cpp; fileEncoding = 30; name = guiTypeMultiToggle.cpp; path = src/ofxControlPanel/src/guiTypeMultiToggle.cpp; sourceTree = SOURCE_ROOT; };
		5d0315f84a2357d7b8a8f3121c0cd871 /* guiType2DSlider.h */ = {isa = PBXFileReference; explicitFileType = sourcecode.c.h; fileEncoding = 30; name = guiType2DSlider.h; path = src/ofxControlPanel/src/guiType2DSlider.h; sourceTree = SOURCE_ROOT; };
		65c612c51c0a661f4fb6648c901b15c4 /* guiTypeButtonSlider.cpp */ = {isa = PBXFileReference; explicitFileType = sourcecode.cpp.cpp; fileEncoding = 30; name = guiTypeButtonSlider.cpp; path = src/ofxControlPanel/src/guiTypeButtonSlider.cpp; sourceTree = SOURCE_ROOT; };
		678df4abade8d9c8352463db0ccc5774 /* guiTypeTextDropDown.h */ = {isa = PBXFileReference; explicitFileType = sourcecode.c.h; fileEncoding = 30; name = guiTypeTextDropDown.h; path = src/ofxControlPanel/src/guiTypeTextDropDown.h; sourceTree = SOURCE_ROOT; };
		6ed1108bfcac129bcce62a1430067483 /* guiTypeLabel.h */ = {isa = PBXFileReference; explicitFileType = sourcecode.c.h; fileEncoding = 30; name = guiTypeLabel.h; path = src/ofxControlPanel/src/guiTypeLabel.h; sourceTree = SOURCE_ROOT; };
		70a1e2317ad2eda4f2d40fa08f8d5c14 /* guiTypeVairableLister.h */ = {isa = PBXFileReference; explicitFileType = sourcecode.c.h; fileEncoding = 30; name = guiTypeVairableLister.h; path = src/ofxControlPanel/src/guiTypeVairableLister.h; sourceTree = SOURCE_ROOT; };
		7507f56545723a550972a5073f9cbffe /* guiCustomImpl.h */ = {isa = PBXFileReference; explicitFileType = sourcecode.c.h; fileEncoding = 30; name = guiCustomImpl.h; path = src/ofxControlPanel/src/guiCustomImpl.h; sourceTree = SOURCE_ROOT; };
		7cb8fd7d9e641df0e3cd6fcac90bb59c /* guiCallbackValue.h */ = {isa = PBXFileReference; explicitFileType = sourcecode.c.h; fileEncoding = 30; name = guiCallbackValue.h; path = src/ofxControlPanel/src/guiCallbackValue.h; sourceTree = SOURCE_ROOT; };
		832bdc407620cdba568b713d2252c43c /* tinyxmlerror.cpp */ = {isa = PBXFileReference; explicitFileType = sourcecode.cpp.cpp; fileEncoding = 30; name = tinyxmlerror.cpp; path = ../../../addons/ofxXmlSettings/libs/tinyxmlerror.cpp; sourceTree = SOURCE_ROOT; };
		84f3a6d034c336596c209486a18be99d /* guiTextBase.cpp */ = {isa = PBXFileReference; explicitFileType = sourcecode.cpp.cpp; fileEncoding = 30; name = guiTextBase.cpp; path = src/ofxControlPanel/src/guiTextBase.cpp; sourceTree = SOURCE_ROOT; };
		8dba4f1fab12379dffd9d5604f7aca1f /* guiIncludes.h */ = {isa = PBXFileReference; explicitFileType = sourcecode.c.h; fileEncoding = 30; name = guiIncludes.h; path = src/ofxControlPanel/src/guiIncludes.h; sourceTree = SOURCE_ROOT; };
		97334ec181912cb7c4cd0e98fb02fe27 /* guiTextBase.h */ = {isa = PBXFileReference; explicitFileType = sourcecode.c.h; fileEncoding = 30; name = guiTextBase.h; path = src/ofxControlPanel/src/guiTextBase.h; sourceTree = SOURCE_ROOT; };
		9ec2166ddf5a4b37248379da5791c6b8 /* guiTypeChartPlotter.cpp */ = {isa = PBXFileReference; explicitFileType = sourcecode.cpp.cpp; fileEncoding = 30; name = guiTypeChartPlotter.cpp; path = src/ofxControlPanel/src/guiTypeChartPlotter.cpp; sourceTree = SOURCE_ROOT; };
		9ed1f5c2fba890c596f543287b11007f /* guiTypeSlider.cpp */ = {isa = PBXFileReference; explicitFileType = sourcecode.cpp.cpp; fileEncoding = 30; name = guiTypeSlider.cpp; path = src/ofxControlPanel/src/guiTypeSlider.cpp; sourceTree = SOURCE_ROOT; };
		BBAB23BE13894E4700AA2426 /* GLUT.framework */ = {isa = PBXFileReference; lastKnownFileType = wrapper.framework; name = GLUT.framework; path = ../../../libs/glut/lib/osx/GLUT.framework; sourceTree = "<group>"; };
		E4328143138ABC890047C5CB /* openFrameworksLib.xcodeproj */ = {isa = PBXFileReference; lastKnownFileType = "wrapper.pb-project"; name = openFrameworksLib.xcodeproj; path = ../../../libs/openFrameworksCompiled/project/osx/openFrameworksLib.xcodeproj; sourceTree = SOURCE_ROOT; };
		E45BE9710E8CC7DD009D7055 /* AGL.framework */ = {isa = PBXFileReference; lastKnownFileType = wrapper.framework; name = AGL.framework; path = /System/Library/Frameworks/AGL.framework; sourceTree = "<absolute>"; };
		E45BE9720E8CC7DD009D7055 /* ApplicationServices.framework */ = {isa = PBXFileReference; lastKnownFileType = wrapper.framework; name = ApplicationServices.framework; path = /System/Library/Frameworks/ApplicationServices.framework; sourceTree = "<absolute>"; };
		E45BE9730E8CC7DD009D7055 /* AudioToolbox.framework */ = {isa = PBXFileReference; lastKnownFileType = wrapper.framework; name = AudioToolbox.framework; path = /System/Library/Frameworks/AudioToolbox.framework; sourceTree = "<absolute>"; };
		E45BE9740E8CC7DD009D7055 /* Carbon.framework */ = {isa = PBXFileReference; lastKnownFileType = wrapper.framework; name = Carbon.framework; path = /System/Library/Frameworks/Carbon.framework; sourceTree = "<absolute>"; };
		E45BE9750E8CC7DD009D7055 /* CoreAudio.framework */ = {isa = PBXFileReference; lastKnownFileType = wrapper.framework; name = CoreAudio.framework; path = /System/Library/Frameworks/CoreAudio.framework; sourceTree = "<absolute>"; };
		E45BE9760E8CC7DD009D7055 /* CoreFoundation.framework */ = {isa = PBXFileReference; lastKnownFileType = wrapper.framework; name = CoreFoundation.framework; path = /System/Library/Frameworks/CoreFoundation.framework; sourceTree = "<absolute>"; };
		E45BE9770E8CC7DD009D7055 /* CoreServices.framework */ = {isa = PBXFileReference; lastKnownFileType = wrapper.framework; name = CoreServices.framework; path = /System/Library/Frameworks/CoreServices.framework; sourceTree = "<absolute>"; };
		E45BE9790E8CC7DD009D7055 /* OpenGL.framework */ = {isa = PBXFileReference; lastKnownFileType = wrapper.framework; name = OpenGL.framework; path = /System/Library/Frameworks/OpenGL.framework; sourceTree = "<absolute>"; };
		E45BE97A0E8CC7DD009D7055 /* QuickTime.framework */ = {isa = PBXFileReference; lastKnownFileType = wrapper.framework; name = QuickTime.framework; path = /System/Library/Frameworks/QuickTime.framework; sourceTree = "<absolute>"; };
		E4B69B5B0A3A1756003C02F2 /* flockAudienceOSCDebug.app */ = {isa = PBXFileReference; explicitFileType = wrapper.application; includeInIndex = 0; path = flockAudienceOSCDebug.app; sourceTree = BUILT_PRODUCTS_DIR; };
		E4B69E1D0A3A1BDC003C02F2 /* main.cpp */ = {isa = PBXFileReference; fileEncoding = 30; lastKnownFileType = sourcecode.cpp.cpp; name = main.cpp; path = src/main.cpp; sourceTree = SOURCE_ROOT; };
		E4B69E1E0A3A1BDC003C02F2 /* testApp.cpp */ = {isa = PBXFileReference; explicitFileType = sourcecode.cpp.cpp; fileEncoding = 30; name = testApp.cpp; path = src/testApp.cpp; sourceTree = SOURCE_ROOT; };
		E4B69E1F0A3A1BDC003C02F2 /* testApp.h */ = {isa = PBXFileReference; fileEncoding = 30; lastKnownFileType = sourcecode.c.h; name = testApp.h; path = src/testApp.h; sourceTree = SOURCE_ROOT; };
		E4B6FCAD0C3E899E008CF71C /* openFrameworks-Info.plist */ = {isa = PBXFileReference; fileEncoding = 30; lastKnownFileType = text.plist.xml; path = "openFrameworks-Info.plist"; sourceTree = "<group>"; };
		E4C2424410CC5A17004149E2 /* AppKit.framework */ = {isa = PBXFileReference; lastKnownFileType = wrapper.framework; name = AppKit.framework; path = /System/Library/Frameworks/AppKit.framework; sourceTree = "<absolute>"; };
		E4C2424510CC5A17004149E2 /* Cocoa.framework */ = {isa = PBXFileReference; lastKnownFileType = wrapper.framework; name = Cocoa.framework; path = /System/Library/Frameworks/Cocoa.framework; sourceTree = "<absolute>"; };
		E4C2424610CC5A17004149E2 /* IOKit.framework */ = {isa = PBXFileReference; lastKnownFileType = wrapper.framework; name = IOKit.framework; path = /System/Library/Frameworks/IOKit.framework; sourceTree = "<absolute>"; };
		E4EB691F138AFCF100A09F29 /* CoreOF.xcconfig */ = {isa = PBXFileReference; fileEncoding = 4; lastKnownFileType = text.xcconfig; name = CoreOF.xcconfig; path = ../../../libs/openFrameworksCompiled/project/osx/CoreOF.xcconfig; sourceTree = SOURCE_ROOT; };
		E4EB6923138AFD0F00A09F29 /* Project.xcconfig */ = {isa = PBXFileReference; fileEncoding = 4; lastKnownFileType = text.xcconfig; path = Project.xcconfig; sourceTree = "<group>"; };
		b21e7e5f548eea92f368040bb1aa2f69 /* tinyxml.h */ = {isa = PBXFileReference; explicitFileType = sourcecode.c.h; fileEncoding = 30; name = tinyxml.h; path = ../../../addons/ofxXmlSettings/libs/tinyxml.h; sourceTree = SOURCE_ROOT; };
		b42c5723e61eacbcbc7fc726295c239e /* guiTypeFileLister.h */ = {isa = PBXFileReference; explicitFileType = sourcecode.c.h; fileEncoding = 30; name = guiTypeFileLister.h; path = src/ofxControlPanel/src/guiTypeFileLister.h; sourceTree = SOURCE_ROOT; };
		b87503ec7114d587c4b6d0f8d99026a3 /* guiColor.cpp */ = {isa = PBXFileReference; explicitFileType = sourcecode.cpp.cpp; fileEncoding = 30; name = guiColor.cpp; path = src/ofxControlPanel/src/guiColor.cpp; sourceTree = SOURCE_ROOT; };
		ba2a4d27866123cfd1467703dcc4e63a /* ofxAutoControlPanel.h */ = {isa = PBXFileReference; explicitFileType = sourcecode.c.h; fileEncoding = 30; name = ofxAutoControlPanel.h; path = src/ofxControlPanel/ofxAutoControlPanel.h; sourceTree = SOURCE_ROOT; };
		c40533d2133b5f12824b3ef742811c38 /* guiTypeFileLister.cpp */ = {isa = PBXFileReference; explicitFileType = sourcecode.cpp.cpp; fileEncoding = 30; name = guiTypeFileLister.cpp; path = src/ofxControlPanel/src/guiTypeFileLister.cpp; sourceTree = SOURCE_ROOT; };
		c4290e0aa046ab2952a4f50603f7233e /* particle.h */ = {isa = PBXFileReference; explicitFileType = sourcecode.c.h; fileEncoding = 30; name = particle.h; path = src/particle.h; sourceTree = SOURCE_ROOT; };
		c63af39e1cb32d27afe6cfab00df8ed6 /* guiTypeLogger.cpp */ = {isa = PBXFileReference; explicitFileType = sourcecode.cpp.cpp; fileEncoding = 30; name = guiTypeLogger.cpp; path = src/ofxControlPanel/src/guiTypeLogger.cpp; sourceTree = SOURCE_ROOT; };
		ca4ebf5bb74cabead5dbfc54f72e9df7 /* guiTypeToggle.h */ = {isa = PBXFileReference; explicitFileType = sourcecode.c.h; fileEncoding = 30; name = guiTypeToggle.h; path = src/ofxControlPanel/src/guiTypeToggle.h; sourceTree = SOURCE_ROOT; };
		cd02aaa473f9ac139edd43be91dfa68b /* guiTypeTextDropDown.cpp */ = {isa = PBXFileReference; explicitFileType = sourcecode.cpp.cpp; fileEncoding = 30; name = guiTypeTextDropDown.cpp; path = src/ofxControlPanel/src/guiTypeTextDropDown.cpp; sourceTree = SOURCE_ROOT; };
		d0cdf78d2fbc06834766795e9d58c3e5 /* guiValue.cpp */ = {isa = PBXFileReference; explicitFileType = sourcecode.cpp.cpp; fileEncoding = 30; name = guiValue.cpp; path = src/ofxControlPanel/src/guiValue.cpp; sourceTree = SOURCE_ROOT; };
		d170deb278727b0f538fb8074a9115ce /* simpleFileLister.cpp */ = {isa = PBXFileReference; explicitFileType = sourcecode.cpp.cpp; fileEncoding = 30; name = simpleFileLister.cpp; path = src/ofxControlPanel/src/simpleFileLister.cpp; sourceTree = SOURCE_ROOT; };
		d23b06cd69a9a8a33f30aff9936d1a9e /* guiTypeToggle.cpp */ = {isa = PBXFileReference; explicitFileType = sourcecode.cpp.cpp; fileEncoding = 30; name = guiTypeToggle.cpp; path = src/ofxControlPanel/src/guiTypeToggle.cpp; sourceTree = SOURCE_ROOT; };
		dbaf8334a7346565465b324a07d99ab6 /* ofxControlPanel.cpp */ = {isa = PBXFileReference; explicitFileType = sourcecode.cpp.cpp; fileEncoding = 30; name = ofxControlPanel.cpp; path = src/ofxControlPanel/src/ofxControlPanel.cpp; sourceTree = SOURCE_ROOT; };
		df3b668ffbaaee360013e5812783af2e /* guiVariablePointer.h */ = {isa = PBXFileReference; explicitFileType = sourcecode.c.h; fileEncoding = 30; name = guiVariablePointer.h; path = src/ofxControlPanel/src/guiVariablePointer.h; sourceTree = SOURCE_ROOT; };
		e273ebd7fb776b4300033078f962e2db /* guiType2DSlider.cpp */ = {isa = PBXFileReference; explicitFileType = sourcecode.cpp.cpp; fileEncoding = 30; name = guiType2DSlider.cpp; path = src/ofxControlPanel/src/guiType2DSlider.cpp; sourceTree = SOURCE_ROOT; };
		e341fa30b720f0a95335cb41ed758a74 /* simpleColor.h */ = {isa = PBXFileReference; explicitFileType = sourcecode.c.h; fileEncoding = 30; name = simpleColor.h; path = src/ofxControlPanel/src/simpleColor.h; sourceTree = SOURCE_ROOT; };
		e5a0943f9ee3562b755b952de9d37b5d /* guiCallback.h */ = {isa = PBXFileReference; explicitFileType = sourcecode.c.h; fileEncoding = 30; name = guiCallback.h; path = src/ofxControlPanel/src/guiCallback.h; sourceTree = SOURCE_ROOT; };
		e7f8fbadd144b9a25be47b0f5b5932fb /* guiTypeCustom.cpp */ = {isa = PBXFileReference; explicitFileType = sourcecode.cpp.cpp; fileEncoding = 30; name = guiTypeCustom.cpp; path = src/ofxControlPanel/src/guiTypeCustom.cpp; sourceTree = SOURCE_ROOT; };
		eaa17c174c209caa64d339352d80a4f2 /* guiTypeText.cpp */ = {isa = PBXFileReference; explicitFileType = sourcecode.cpp.cpp; fileEncoding = 30; name = guiTypeText.cpp; path = src/ofxControlPanel/src/guiTypeText.cpp; sourceTree = SOURCE_ROOT; };
		ee548cd2ddf2b7f6defb378f9af4bd6a /* simpleFileLister.h */ = {isa = PBXFileReference; explicitFileType = sourcecode.c.h; fileEncoding = 30; name = simpleFileLister.h; path = src/ofxControlPanel/src/simpleFileLister.h; sourceTree = SOURCE_ROOT; };
		ee986754432e040b80c99f4dbc9bcddb /* simpleLogger.h */ = {isa = PBXFileReference; explicitFileType = sourcecode.c.h; fileEncoding = 30; name = simpleLogger.h; path = src/ofxControlPanel/src/simpleLogger.h; sourceTree = SOURCE_ROOT; };
		f13fcfc0acd6759dfdc0db3439f1e1c1 /* guiCallback.cpp */ = {isa = PBXFileReference; explicitFileType = sourcecode.cpp.cpp; fileEncoding = 30; name = guiCallback.cpp; path = src/ofxControlPanel/src/guiCallback.cpp; sourceTree = SOURCE_ROOT; };
		f24d4e4956d5c309640bf652286a3e03 /* guiValue.h */ = {isa = PBXFileReference; explicitFileType = sourcecode.c.h; fileEncoding = 30; name = guiValue.h; path = src/ofxControlPanel/src/guiValue.h; sourceTree = SOURCE_ROOT; };
		f407459af9a03d19ed0ef1f11c3f3d37 /* guiTypeTextInput.cpp */ = {isa = PBXFileReference; explicitFileType = sourcecode.cpp.cpp; fileEncoding = 30; name = guiTypeTextInput.cpp; path = src/ofxControlPanel/src/guiTypeTextInput.cpp; sourceTree = SOURCE_ROOT; };
		f8ba871cc5ecf5c95d891b6397116784 /* simpleColor.cpp */ = {isa = PBXFileReference; explicitFileType = sourcecode.cpp.cpp; fileEncoding = 30; name = simpleColor.cpp; path = src/ofxControlPanel/src/simpleColor.cpp; sourceTree = SOURCE_ROOT; };
		fc5da1c87211d4f6377da7199d8c5a1e /* tinyxmlparser.cpp */ = {isa = PBXFileReference; explicitFileType = sourcecode.cpp.cpp; fileEncoding = 30; name = tinyxmlparser.cpp; path = ../../../addons/ofxXmlSettings/libs/tinyxmlparser.cpp; sourceTree = SOURCE_ROOT; };
		fe590ccc2ca196b385b2be44add308cb /* guiTypeLogger.h */ = {isa = PBXFileReference; explicitFileType = sourcecode.c.h; fileEncoding = 30; name = guiTypeLogger.h; path = src/ofxControlPanel/src/guiTypeLogger.h; sourceTree = SOURCE_ROOT; };
/* End PBXFileReference section */

/* Begin PBXFrameworksBuildPhase section */
		E4B69B590A3A1756003C02F2 /* Frameworks */ = {
			isa = PBXFrameworksBuildPhase;
			buildActionMask = 2147483647;
			files = (
				E4EB6799138ADC1D00A09F29 /* GLUT.framework in Frameworks */,
				E4328149138ABC9F0047C5CB /* openFrameworksDebug.a in Frameworks */,
				E45BE97B0E8CC7DD009D7055 /* AGL.framework in Frameworks */,
				E45BE97C0E8CC7DD009D7055 /* ApplicationServices.framework in Frameworks */,
				E45BE97D0E8CC7DD009D7055 /* AudioToolbox.framework in Frameworks */,
				E45BE97E0E8CC7DD009D7055 /* Carbon.framework in Frameworks */,
				E45BE97F0E8CC7DD009D7055 /* CoreAudio.framework in Frameworks */,
				E45BE9800E8CC7DD009D7055 /* CoreFoundation.framework in Frameworks */,
				E45BE9810E8CC7DD009D7055 /* CoreServices.framework in Frameworks */,
				E45BE9830E8CC7DD009D7055 /* OpenGL.framework in Frameworks */,
				E45BE9840E8CC7DD009D7055 /* QuickTime.framework in Frameworks */,
				E4C2424710CC5A17004149E2 /* AppKit.framework in Frameworks */,
				E4C2424810CC5A17004149E2 /* Cocoa.framework in Frameworks */,
				E4C2424910CC5A17004149E2 /* IOKit.framework in Frameworks */,
			);
			runOnlyForDeploymentPostprocessing = 0;
		};
/* End PBXFrameworksBuildPhase section */

/* Begin PBXGroup section */
		1f4fb5c423662b96adfdcc0badec1cb0 /* ofxXmlSettings */ = {
			isa = PBXGroup;
			children = (
				6ecef0d76bc33727823eadffc320c44d /* src */,
				6e54289412d2d94f45a051132369530c /* libs */,
			);
			name = ofxXmlSettings;
			sourceTree = "<group>";
		};
		6e54289412d2d94f45a051132369530c /* libs */ = {
			isa = PBXGroup;
			children = (
				2b40eda85beb63e46785bc299a638898 /* tinyxml.cpp */,
				b21e7e5f548eea92f368040bb1aa2f69 /* tinyxml.h */,
				832bdc407620cdba568b713d2252c43c /* tinyxmlerror.cpp */,
				fc5da1c87211d4f6377da7199d8c5a1e /* tinyxmlparser.cpp */,
			);
			name = libs;
			sourceTree = "<group>";
		};
		6ecef0d76bc33727823eadffc320c44d /* src */ = {
			isa = PBXGroup;
			children = (
				50df87d612c5aae17aafa6c02c6bc570 /* ofxXmlSettings.cpp */,
				01dcc0911400f9acf5b65578af4ec8f9 /* ofxXmlSettings.h */,
			);
			name = src;
			sourceTree = "<group>";
		};
		70b88c4aafdbd04fda1119bbe104034d /* ofxControlPanel */ = {
			isa = PBXGroup;
			children = (
				ba2a4d27866123cfd1467703dcc4e63a /* ofxAutoControlPanel.h */,
				db979faa0d5e283ab5d1f45dd94587c1 /* src */,
			);
			name = ofxControlPanel;
			sourceTree = "<group>";
		};
		BB4B014C10F69532006C3DED /* addons */ = {
			isa = PBXGroup;
			children = (
				1f4fb5c423662b96adfdcc0badec1cb0 /* ofxXmlSettings */,
			);
			name = addons;
			sourceTree = "<group>";
		};
		BBAB23C913894ECA00AA2426 /* system frameworks */ = {
			isa = PBXGroup;
			children = (
				E4C2424410CC5A17004149E2 /* AppKit.framework */,
				E4C2424510CC5A17004149E2 /* Cocoa.framework */,
				E4C2424610CC5A17004149E2 /* IOKit.framework */,
				E45BE9710E8CC7DD009D7055 /* AGL.framework */,
				E45BE9720E8CC7DD009D7055 /* ApplicationServices.framework */,
				E45BE9730E8CC7DD009D7055 /* AudioToolbox.framework */,
				E45BE9740E8CC7DD009D7055 /* Carbon.framework */,
				E45BE9750E8CC7DD009D7055 /* CoreAudio.framework */,
				E45BE9760E8CC7DD009D7055 /* CoreFoundation.framework */,
				E45BE9770E8CC7DD009D7055 /* CoreServices.framework */,
				E45BE9790E8CC7DD009D7055 /* OpenGL.framework */,
				E45BE97A0E8CC7DD009D7055 /* QuickTime.framework */,
			);
			name = "system frameworks";
			sourceTree = "<group>";
		};
		BBAB23CA13894EDB00AA2426 /* 3rd party frameworks */ = {
			isa = PBXGroup;
			children = (
				BBAB23BE13894E4700AA2426 /* GLUT.framework */,
			);
			name = "3rd party frameworks";
			sourceTree = "<group>";
		};
		E4328144138ABC890047C5CB /* Products */ = {
			isa = PBXGroup;
			children = (
				E4328148138ABC890047C5CB /* openFrameworksDebug.a */,
			);
			name = Products;
			sourceTree = "<group>";
		};
		E45BE5980E8CC70C009D7055 /* frameworks */ = {
			isa = PBXGroup;
			children = (
				BBAB23CA13894EDB00AA2426 /* 3rd party frameworks */,
				BBAB23C913894ECA00AA2426 /* system frameworks */,
			);
			name = frameworks;
			sourceTree = "<group>";
		};
		E4B69B4A0A3A1720003C02F2 = {
			isa = PBXGroup;
			children = (
				E4B6FCAD0C3E899E008CF71C /* openFrameworks-Info.plist */,
				E4EB6923138AFD0F00A09F29 /* Project.xcconfig */,
				E4B69E1C0A3A1BDC003C02F2 /* src */,
				E4EEC9E9138DF44700A80321 /* openFrameworks */,
				BB4B014C10F69532006C3DED /* addons */,
				E45BE5980E8CC70C009D7055 /* frameworks */,
				E4B69B5B0A3A1756003C02F2 /* flockAudienceOSCDebug.app */,
			);
			sourceTree = "<group>";
		};
		E4B69E1C0A3A1BDC003C02F2 /* src */ = {
			isa = PBXGroup;
			children = (
				E4B69E1D0A3A1BDC003C02F2 /* main.cpp */,
				E4B69E1E0A3A1BDC003C02F2 /* testApp.cpp */,
				E4B69E1F0A3A1BDC003C02F2 /* testApp.h */,
				70b88c4aafdbd04fda1119bbe104034d /* ofxControlPanel */,
				09150bf591fddf0eca6d1d302b43ae78 /* particle.cpp */,
				c4290e0aa046ab2952a4f50603f7233e /* particle.h */,
			);
			path = src;
			sourceTree = SOURCE_ROOT;
		};
		E4EEC9E9138DF44700A80321 /* openFrameworks */ = {
			isa = PBXGroup;
			children = (
				E4EB691F138AFCF100A09F29 /* CoreOF.xcconfig */,
				E4328143138ABC890047C5CB /* openFrameworksLib.xcodeproj */,
			);
			name = openFrameworks;
			sourceTree = "<group>";
		};
		db979faa0d5e283ab5d1f45dd94587c1 /* src */ = {
			isa = PBXGroup;
			children = (
				3d0b6dbf17d58acc63e46173855e400e /* guiBaseObject.cpp */,
				3404c6f397ed50fa25128632681b8574 /* guiBaseObject.h */,
				f13fcfc0acd6759dfdc0db3439f1e1c1 /* guiCallback.cpp */,
				e5a0943f9ee3562b755b952de9d37b5d /* guiCallback.h */,
				291819969207c5a1d55818f3694bfe94 /* guiCallbackValue.cpp */,
				7cb8fd7d9e641df0e3cd6fcac90bb59c /* guiCallbackValue.h */,
				b87503ec7114d587c4b6d0f8d99026a3 /* guiColor.cpp */,
				1c413c4807986812e90af12753f3a89a /* guiColor.h */,
				7507f56545723a550972a5073f9cbffe /* guiCustomImpl.h */,
				8dba4f1fab12379dffd9d5604f7aca1f /* guiIncludes.h */,
				84f3a6d034c336596c209486a18be99d /* guiTextBase.cpp */,
				97334ec181912cb7c4cd0e98fb02fe27 /* guiTextBase.h */,
				e273ebd7fb776b4300033078f962e2db /* guiType2DSlider.cpp */,
				5d0315f84a2357d7b8a8f3121c0cd871 /* guiType2DSlider.h */,
				65c612c51c0a661f4fb6648c901b15c4 /* guiTypeButtonSlider.cpp */,
				3f62fab9cbdc4e3a8fe5f9cdfe5136b0 /* guiTypeButtonSlider.h */,
				9ec2166ddf5a4b37248379da5791c6b8 /* guiTypeChartPlotter.cpp */,
				1ed6ad99fd92fb0800c056d3675a988e /* guiTypeChartPlotter.h */,
				e7f8fbadd144b9a25be47b0f5b5932fb /* guiTypeCustom.cpp */,
				2758020c04cc35f2fd1d28eed4fd98eb /* guiTypeCustom.h */,
				097568880bc7d828549a109d32b5786b /* guiTypeDrawable.cpp */,
				4f21538397b239430ab94917fa7e4679 /* guiTypeDrawable.h */,
				c40533d2133b5f12824b3ef742811c38 /* guiTypeFileLister.cpp */,
				b42c5723e61eacbcbc7fc726295c239e /* guiTypeFileLister.h */,
				149016b1a89a34f9d2461c49af7654a5 /* guiTypeLabel.cpp */,
				6ed1108bfcac129bcce62a1430067483 /* guiTypeLabel.h */,
				c63af39e1cb32d27afe6cfab00df8ed6 /* guiTypeLogger.cpp */,
				fe590ccc2ca196b385b2be44add308cb /* guiTypeLogger.h */,
				5a62f6329268b6c002d0b5a37f7a0ca3 /* guiTypeMultiToggle.cpp */,
				1c800e7d2478cdc0b86b86ad67dacb18 /* guiTypeMultiToggle.h */,
				1989a13c067c5d6d12ce68d5b4f6f8cb /* guiTypePanel.cpp */,
				11ca502443f9fd77eef92faa87e503d4 /* guiTypePanel.h */,
				9ed1f5c2fba890c596f543287b11007f /* guiTypeSlider.cpp */,
				3e0936771537b38b1db72fa48b5c224d /* guiTypeSlider.h */,
				eaa17c174c209caa64d339352d80a4f2 /* guiTypeText.cpp */,
				02e924bb5d84723c6494231e228bc999 /* guiTypeText.h */,
				cd02aaa473f9ac139edd43be91dfa68b /* guiTypeTextDropDown.cpp */,
				678df4abade8d9c8352463db0ccc5774 /* guiTypeTextDropDown.h */,
				f407459af9a03d19ed0ef1f11c3f3d37 /* guiTypeTextInput.cpp */,
				09ad3a067ccb2fbb3d58a0ea485d06bf /* guiTypeTextInput.h */,
				d23b06cd69a9a8a33f30aff9936d1a9e /* guiTypeToggle.cpp */,
				ca4ebf5bb74cabead5dbfc54f72e9df7 /* guiTypeToggle.h */,
				506cb1ac56f228ef96c2263083661da8 /* guiTypeVairableLister.cpp */,
				70a1e2317ad2eda4f2d40fa08f8d5c14 /* guiTypeVairableLister.h */,
				3641f993e6902e1fbbb67755783e6591 /* guiTypeVideo.cpp */,
				390a886434ea52cc82c5304a8efa6330 /* guiTypeVideo.h */,
				d0cdf78d2fbc06834766795e9d58c3e5 /* guiValue.cpp */,
				f24d4e4956d5c309640bf652286a3e03 /* guiValue.h */,
				df3b668ffbaaee360013e5812783af2e /* guiVariablePointer.h */,
				191b7643f50f4e35b835ffaa95253acd /* guiXmlValue.h */,
				dbaf8334a7346565465b324a07d99ab6 /* ofxControlPanel.cpp */,
				3b7942a649e6169c9afd886532b95d75 /* ofxControlPanel.h */,
				f8ba871cc5ecf5c95d891b6397116784 /* simpleColor.cpp */,
				e341fa30b720f0a95335cb41ed758a74 /* simpleColor.h */,
				d170deb278727b0f538fb8074a9115ce /* simpleFileLister.cpp */,
				ee548cd2ddf2b7f6defb378f9af4bd6a /* simpleFileLister.h */,
				45c35527a6bfc12f9414c498602c2f98 /* simpleLogger.cpp */,
				ee986754432e040b80c99f4dbc9bcddb /* simpleLogger.h */,
			);
			name = src;
			sourceTree = "<group>";
		};
/* End PBXGroup section */

/* Begin PBXNativeTarget section */
		E4B69B5A0A3A1756003C02F2 /* flockAudienceOSC */ = {
			isa = PBXNativeTarget;
			buildConfigurationList = E4B69B5F0A3A1757003C02F2 /* Build configuration list for PBXNativeTarget "flockAudienceOSC" */;
			buildPhases = (
				E4B69B580A3A1756003C02F2 /* Sources */,
				E4B69B590A3A1756003C02F2 /* Frameworks */,
				E4B6FFFD0C3F9AB9008CF71C /* ShellScript */,
				E4C2427710CC5ABF004149E2 /* CopyFiles */,
			);
			buildRules = (
			);
			dependencies = (
				E4EEB9AC138B136A00A80321 /* PBXTargetDependency */,
			);
			name = flockAudienceOSC;
			productName = myOFApp;
			productReference = E4B69B5B0A3A1756003C02F2 /* flockAudienceOSCDebug.app */;
			productType = "com.apple.product-type.application";
		};
/* End PBXNativeTarget section */

/* Begin PBXProject section */
		E4B69B4C0A3A1720003C02F2 /* Project object */ = {
			isa = PBXProject;
			buildConfigurationList = E4B69B4D0A3A1720003C02F2 /* Build configuration list for PBXProject "flockAudienceOSC" */;
			compatibilityVersion = "Xcode 2.4";
			developmentRegion = English;
			hasScannedForEncodings = 0;
			knownRegions = (
				English,
				Japanese,
				French,
				German,
			);
			mainGroup = E4B69B4A0A3A1720003C02F2;
			productRefGroup = E4B69B4A0A3A1720003C02F2;
			projectDirPath = "";
			projectReferences = (
				{
					ProductGroup = E4328144138ABC890047C5CB /* Products */;
					ProjectRef = E4328143138ABC890047C5CB /* openFrameworksLib.xcodeproj */;
				},
			);
			projectRoot = "";
			targets = (
				E4B69B5A0A3A1756003C02F2 /* flockAudienceOSC */,
			);
		};
/* End PBXProject section */

/* Begin PBXReferenceProxy section */
		E4328148138ABC890047C5CB /* openFrameworksDebug.a */ = {
			isa = PBXReferenceProxy;
			fileType = archive.ar;
			path = openFrameworksDebug.a;
			remoteRef = E4328147138ABC890047C5CB /* PBXContainerItemProxy */;
			sourceTree = BUILT_PRODUCTS_DIR;
		};
/* End PBXReferenceProxy section */

/* Begin PBXShellScriptBuildPhase section */
		E4B6FFFD0C3F9AB9008CF71C /* ShellScript */ = {
			isa = PBXShellScriptBuildPhase;
			buildActionMask = 2147483647;
			files = (
			);
			inputPaths = (
			);
			outputPaths = (
			);
			runOnlyForDeploymentPostprocessing = 0;
			shellPath = /bin/sh;
			shellScript = "cp -f ../../../libs/fmodex/lib/osx/libfmodex.dylib \"$TARGET_BUILD_DIR/$PRODUCT_NAME.app/Contents/MacOS/libfmodex.dylib\"; install_name_tool -change ./libfmodex.dylib @executable_path/libfmodex.dylib \"$TARGET_BUILD_DIR/$PRODUCT_NAME.app/Contents/MacOS/$PRODUCT_NAME\";";
		};
/* End PBXShellScriptBuildPhase section */

/* Begin PBXSourcesBuildPhase section */
		E4B69B580A3A1756003C02F2 /* Sources */ = {
			isa = PBXSourcesBuildPhase;
			buildActionMask = 2147483647;
			files = (
				E4B69E200A3A1BDC003C02F2 /* main.cpp in Sources */,
				E4B69E210A3A1BDC003C02F2 /* testApp.cpp in Sources */,
				305f6ca0d586511d1a4b74aac51e841d /* guiBaseObject.cpp in Sources */,
				a42f28a57e1988b667f2c5c760aceefb /* guiCallback.cpp in Sources */,
				32228dcf2887e54f5518a192f902841c /* guiCallbackValue.cpp in Sources */,
				d5a6d19315822ce081324047e45afab1 /* guiColor.cpp in Sources */,
				77cdac4e72641a926f66cf2352a4d28b /* guiTextBase.cpp in Sources */,
				c58dd68752d2f96fdbb0d32727c0af40 /* guiType2DSlider.cpp in Sources */,
				8f3de660bb3f8da1013bebe9f60a00f8 /* guiTypeButtonSlider.cpp in Sources */,
				3fc457e7dbc6f803e836f84ce3732012 /* guiTypeChartPlotter.cpp in Sources */,
				f30303a05c23473489e16e88a327f0bc /* guiTypeCustom.cpp in Sources */,
				db63be57e70db9197b5d4b2fe2542ec1 /* guiTypeDrawable.cpp in Sources */,
				b4679340c8d9897c694ba5a56112b287 /* guiTypeFileLister.cpp in Sources */,
				b1d83fd9410a8c4b53e41fa04fb1912a /* guiTypeLabel.cpp in Sources */,
				d8c42ab95a0fa3c44fc6b4765087223f /* guiTypeLogger.cpp in Sources */,
				adcad89d19af644de4b980dd5ae66b07 /* guiTypeMultiToggle.cpp in Sources */,
				880714df8e5b06ba88b98c49074027af /* guiTypePanel.cpp in Sources */,
				c0c58edf9bb79c5deeb2a42a45b05fff /* guiTypeSlider.cpp in Sources */,
				b791d0cb11613ccb610a683da019435b /* guiTypeText.cpp in Sources */,
				855211085fa3a30a3b246698853e8bed /* guiTypeTextDropDown.cpp in Sources */,
				dcb9250d6b51cd3062ab9c5ad2efab11 /* guiTypeTextInput.cpp in Sources */,
				48c4cc14f41c5011881cf4c9f383fa2f /* guiTypeToggle.cpp in Sources */,
				de1502c2240bba214d4f95d330292739 /* guiTypeVairableLister.cpp in Sources */,
				fd0fae2d501eadf18a167574f33808e5 /* guiTypeVideo.cpp in Sources */,
				9184b44a8bb766700e50e1f58425b448 /* guiValue.cpp in Sources */,
				4db1e0e9777d54af9a5c730c164d248d /* ofxControlPanel.cpp in Sources */,
				ecf32d4c2482dcecec323401d8a07249 /* simpleColor.cpp in Sources */,
				af9eed97e5787d318b5c5fc91f20fdee /* simpleFileLister.cpp in Sources */,
				2b21574b1d08f16229459f08df768cb6 /* simpleLogger.cpp in Sources */,
				72c9c04e23596576dc20d815f239e68d /* particle.cpp in Sources */,
				63b57ac5bf4ef088491e0317dbb2ecaa /* ofxXmlSettings.cpp in Sources */,
				933a2227713c720ceff80fd967d0a8ee /* tinyxml.cpp in Sources */,
				9d44dc88ef9e7991b4a09951e2e4769f /* tinyxmlerror.cpp in Sources */,
				5a4349e9754d6fa14c0f2a3a1abc30b6 /* tinyxmlparser.cpp in Sources */,
			);
			runOnlyForDeploymentPostprocessing = 0;
		};
/* End PBXSourcesBuildPhase section */

/* Begin PBXTargetDependency section */
		E4EEB9AC138B136A00A80321 /* PBXTargetDependency */ = {
			isa = PBXTargetDependency;
			name = openFrameworks;
			targetProxy = E4EEB9AB138B136A00A80321 /* PBXContainerItemProxy */;
		};
/* End PBXTargetDependency section */

/* Begin XCBuildConfiguration section */
		E4B69B4E0A3A1720003C02F2 /* Debug */ = {
			isa = XCBuildConfiguration;
			baseConfigurationReference = E4EB6923138AFD0F00A09F29 /* Project.xcconfig */;
			buildSettings = {
				ARCHS = "$(NATIVE_ARCH)";
				CONFIGURATION_BUILD_DIR = "$(SRCROOT)/bin/";
				COPY_PHASE_STRIP = NO;
				DEAD_CODE_STRIPPING = YES;
				GCC_AUTO_VECTORIZATION = YES;
				GCC_ENABLE_SSE3_EXTENSIONS = YES;
				GCC_ENABLE_SUPPLEMENTAL_SSE3_INSTRUCTIONS = YES;
				GCC_INLINES_ARE_PRIVATE_EXTERN = NO;
				GCC_OPTIMIZATION_LEVEL = 0;
				GCC_SYMBOLS_PRIVATE_EXTERN = NO;
				GCC_WARN_ABOUT_DEPRECATED_FUNCTIONS = NO;
				GCC_WARN_ABOUT_INVALID_OFFSETOF_MACRO = NO;
				GCC_WARN_ALLOW_INCOMPLETE_PROTOCOL = NO;
				GCC_WARN_UNINITIALIZED_AUTOS = NO;
				GCC_WARN_UNUSED_VALUE = NO;
				GCC_WARN_UNUSED_VARIABLE = NO;
				HEADER_SEARCH_PATHS = (
					"$(OF_CORE_HEADERS)",
					src,
					src/ofxControlPanel,
					src/ofxControlPanel/src,
					../../../addons/ofxXmlSettings/libs,
					../../../addons/ofxXmlSettings/src,
				);
				OTHER_CPLUSPLUSFLAGS = (
					"-D__MACOSX_CORE__",
					"-lpthread",
					"-mtune=native",
				);
			};
			name = Debug;
		};
		E4B69B4F0A3A1720003C02F2 /* Release */ = {
			isa = XCBuildConfiguration;
			baseConfigurationReference = E4EB6923138AFD0F00A09F29 /* Project.xcconfig */;
			buildSettings = {
				ARCHS = "$(NATIVE_ARCH)";
				CONFIGURATION_BUILD_DIR = "$(SRCROOT)/bin/";
				COPY_PHASE_STRIP = YES;
				DEAD_CODE_STRIPPING = YES;
				GCC_AUTO_VECTORIZATION = YES;
				GCC_ENABLE_SSE3_EXTENSIONS = YES;
				GCC_ENABLE_SUPPLEMENTAL_SSE3_INSTRUCTIONS = YES;
				GCC_INLINES_ARE_PRIVATE_EXTERN = NO;
				GCC_OPTIMIZATION_LEVEL = 3;
				GCC_SYMBOLS_PRIVATE_EXTERN = NO;
				GCC_UNROLL_LOOPS = YES;
				GCC_WARN_ABOUT_DEPRECATED_FUNCTIONS = NO;
				GCC_WARN_ABOUT_INVALID_OFFSETOF_MACRO = NO;
				GCC_WARN_ALLOW_INCOMPLETE_PROTOCOL = NO;
				GCC_WARN_UNINITIALIZED_AUTOS = NO;
				GCC_WARN_UNUSED_VALUE = NO;
				GCC_WARN_UNUSED_VARIABLE = NO;
				HEADER_SEARCH_PATHS = (
					"$(OF_CORE_HEADERS)",
					src,
					src/ofxControlPanel,
					src/ofxControlPanel/src,
					../../../addons/ofxXmlSettings/libs,
					../../../addons/ofxXmlSettings/src,
				);
				OTHER_CPLUSPLUSFLAGS = (
					"-D__MACOSX_CORE__",
					"-lpthread",
					"-mtune=native",
				);
			};
			name = Release;
		};
		E4B69B600A3A1757003C02F2 /* Debug */ = {
			isa = XCBuildConfiguration;
			buildSettings = {
				COPY_PHASE_STRIP = NO;
				FRAMEWORK_SEARCH_PATHS = (
					"$(inherited)",
					"$(FRAMEWORK_SEARCH_PATHS_QUOTED_FOR_TARGET_1)",
				);
				FRAMEWORK_SEARCH_PATHS_QUOTED_FOR_TARGET_1 = "\"$(SRCROOT)/../../../libs/glut/lib/osx\"";
				GCC_DYNAMIC_NO_PIC = NO;
				GCC_ENABLE_FIX_AND_CONTINUE = YES;
				GCC_GENERATE_DEBUGGING_SYMBOLS = YES;
				GCC_MODEL_TUNING = NONE;
				GCC_PRECOMPILE_PREFIX_HEADER = YES;
				GCC_PREFIX_HEADER = "$(SYSTEM_LIBRARY_DIR)/Frameworks/Carbon.framework/Headers/Carbon.h";
				INFOPLIST_FILE = "openFrameworks-Info.plist";
				INSTALL_PATH = "$(HOME)/Applications";
				LIBRARY_SEARCH_PATHS = (
					"$(inherited)",
					"$(LIBRARY_SEARCH_PATHS_QUOTED_FOR_TARGET_1)",
					"$(LIBRARY_SEARCH_PATHS_QUOTED_FOR_TARGET_2)",
					"$(LIBRARY_SEARCH_PATHS_QUOTED_FOR_TARGET_3)",
					"$(LIBRARY_SEARCH_PATHS_QUOTED_FOR_TARGET_4)",
					"$(LIBRARY_SEARCH_PATHS_QUOTED_FOR_TARGET_5)",
					"$(LIBRARY_SEARCH_PATHS_QUOTED_FOR_TARGET_6)",
					"$(LIBRARY_SEARCH_PATHS_QUOTED_FOR_TARGET_7)",
					"$(LIBRARY_SEARCH_PATHS_QUOTED_FOR_TARGET_8)",
					"$(LIBRARY_SEARCH_PATHS_QUOTED_FOR_TARGET_9)",
					"$(LIBRARY_SEARCH_PATHS_QUOTED_FOR_TARGET_10)",
					"$(LIBRARY_SEARCH_PATHS_QUOTED_FOR_TARGET_11)",
					"$(LIBRARY_SEARCH_PATHS_QUOTED_FOR_TARGET_12)",
					"$(LIBRARY_SEARCH_PATHS_QUOTED_FOR_TARGET_13)",
					"$(LIBRARY_SEARCH_PATHS_QUOTED_FOR_TARGET_14)",
					"$(LIBRARY_SEARCH_PATHS_QUOTED_FOR_TARGET_15)",
					"$(LIBRARY_SEARCH_PATHS_QUOTED_FOR_TARGET_2)",
					"$(LIBRARY_SEARCH_PATHS_QUOTED_FOR_TARGET_3)",
					"$(LIBRARY_SEARCH_PATHS_QUOTED_FOR_TARGET_7)",
					"$(LIBRARY_SEARCH_PATHS_QUOTED_FOR_TARGET_8)",
					"$(LIBRARY_SEARCH_PATHS_QUOTED_FOR_TARGET_9)",
					"$(LIBRARY_SEARCH_PATHS_QUOTED_FOR_TARGET_10)",
					"$(LIBRARY_SEARCH_PATHS_QUOTED_FOR_TARGET_11)",
					"$(LIBRARY_SEARCH_PATHS_QUOTED_FOR_TARGET_12)",
					"$(LIBRARY_SEARCH_PATHS_QUOTED_FOR_TARGET_13)",
					"$(LIBRARY_SEARCH_PATHS_QUOTED_FOR_TARGET_16)",
					"$(LIBRARY_SEARCH_PATHS_QUOTED_FOR_TARGET_17)",
					"$(LIBRARY_SEARCH_PATHS_QUOTED_FOR_TARGET_18)",
					"$(LIBRARY_SEARCH_PATHS_QUOTED_FOR_TARGET_19)",
					"$(LIBRARY_SEARCH_PATHS_QUOTED_FOR_TARGET_20)",
					"$(LIBRARY_SEARCH_PATHS_QUOTED_FOR_TARGET_21)",
					"$(LIBRARY_SEARCH_PATHS_QUOTED_FOR_TARGET_22)",
					"$(LIBRARY_SEARCH_PATHS_QUOTED_FOR_TARGET_23)",
					"$(LIBRARY_SEARCH_PATHS_QUOTED_FOR_TARGET_24)",
					"$(LIBRARY_SEARCH_PATHS_QUOTED_FOR_TARGET_25)",
					"$(LIBRARY_SEARCH_PATHS_QUOTED_FOR_TARGET_26)",
					"$(LIBRARY_SEARCH_PATHS_QUOTED_FOR_TARGET_27)",
					"$(LIBRARY_SEARCH_PATHS_QUOTED_FOR_TARGET_28)",
					"$(LIBRARY_SEARCH_PATHS_QUOTED_FOR_TARGET_29)",
					"$(LIBRARY_SEARCH_PATHS_QUOTED_FOR_TARGET_30)",
					"$(LIBRARY_SEARCH_PATHS_QUOTED_FOR_TARGET_31)",
					"$(LIBRARY_SEARCH_PATHS_QUOTED_FOR_TARGET_32)",
					"$(LIBRARY_SEARCH_PATHS_QUOTED_FOR_TARGET_33)",
					"$(LIBRARY_SEARCH_PATHS_QUOTED_FOR_TARGET_34)",
					"$(LIBRARY_SEARCH_PATHS_QUOTED_FOR_TARGET_35)",
					"$(LIBRARY_SEARCH_PATHS_QUOTED_FOR_TARGET_36)",
					"$(LIBRARY_SEARCH_PATHS_QUOTED_FOR_TARGET_37)",
					"$(LIBRARY_SEARCH_PATHS_QUOTED_FOR_TARGET_38)",
					"$(LIBRARY_SEARCH_PATHS_QUOTED_FOR_TARGET_39)",
					"$(LIBRARY_SEARCH_PATHS_QUOTED_FOR_TARGET_40)",
					"$(LIBRARY_SEARCH_PATHS_QUOTED_FOR_TARGET_41)",
					"$(LIBRARY_SEARCH_PATHS_QUOTED_FOR_TARGET_42)",
					"$(LIBRARY_SEARCH_PATHS_QUOTED_FOR_TARGET_43)",
					"$(LIBRARY_SEARCH_PATHS_QUOTED_FOR_TARGET_44)",
					"$(LIBRARY_SEARCH_PATHS_QUOTED_FOR_TARGET_45)",
					"$(LIBRARY_SEARCH_PATHS_QUOTED_FOR_TARGET_46)",
					"$(LIBRARY_SEARCH_PATHS_QUOTED_FOR_TARGET_47)",
					"$(LIBRARY_SEARCH_PATHS_QUOTED_FOR_TARGET_48)",
					"$(LIBRARY_SEARCH_PATHS_QUOTED_FOR_TARGET_49)",
					"$(LIBRARY_SEARCH_PATHS_QUOTED_FOR_TARGET_50)",
					"$(LIBRARY_SEARCH_PATHS_QUOTED_FOR_TARGET_51)",
					"$(LIBRARY_SEARCH_PATHS_QUOTED_FOR_TARGET_52)",
				);
				PREBINDING = NO;
				PRODUCT_NAME = flockAudienceOSCDebug;
				WRAPPER_EXTENSION = app;
			};
			name = Debug;
		};
		E4B69B610A3A1757003C02F2 /* Release */ = {
			isa = XCBuildConfiguration;
			buildSettings = {
				COPY_PHASE_STRIP = YES;
				FRAMEWORK_SEARCH_PATHS = (
					"$(inherited)",
					"$(FRAMEWORK_SEARCH_PATHS_QUOTED_FOR_TARGET_1)",
				);
				FRAMEWORK_SEARCH_PATHS_QUOTED_FOR_TARGET_1 = "\"$(SRCROOT)/../../../libs/glut/lib/osx\"";
				GCC_ENABLE_FIX_AND_CONTINUE = NO;
				GCC_GENERATE_DEBUGGING_SYMBOLS = YES;
				GCC_MODEL_TUNING = NONE;
				GCC_PRECOMPILE_PREFIX_HEADER = YES;
				GCC_PREFIX_HEADER = "$(SYSTEM_LIBRARY_DIR)/Frameworks/Carbon.framework/Headers/Carbon.h";
				INFOPLIST_FILE = "openFrameworks-Info.plist";
				INSTALL_PATH = "$(HOME)/Applications";
				LIBRARY_SEARCH_PATHS = (
					"$(inherited)",
					"$(LIBRARY_SEARCH_PATHS_QUOTED_FOR_TARGET_1)",
					"$(LIBRARY_SEARCH_PATHS_QUOTED_FOR_TARGET_2)",
					"$(LIBRARY_SEARCH_PATHS_QUOTED_FOR_TARGET_3)",
					"$(LIBRARY_SEARCH_PATHS_QUOTED_FOR_TARGET_4)",
					"$(LIBRARY_SEARCH_PATHS_QUOTED_FOR_TARGET_5)",
					"$(LIBRARY_SEARCH_PATHS_QUOTED_FOR_TARGET_6)",
					"$(LIBRARY_SEARCH_PATHS_QUOTED_FOR_TARGET_7)",
					"$(LIBRARY_SEARCH_PATHS_QUOTED_FOR_TARGET_8)",
					"$(LIBRARY_SEARCH_PATHS_QUOTED_FOR_TARGET_9)",
					"$(LIBRARY_SEARCH_PATHS_QUOTED_FOR_TARGET_10)",
					"$(LIBRARY_SEARCH_PATHS_QUOTED_FOR_TARGET_11)",
					"$(LIBRARY_SEARCH_PATHS_QUOTED_FOR_TARGET_12)",
					"$(LIBRARY_SEARCH_PATHS_QUOTED_FOR_TARGET_13)",
					"$(LIBRARY_SEARCH_PATHS_QUOTED_FOR_TARGET_14)",
					"$(LIBRARY_SEARCH_PATHS_QUOTED_FOR_TARGET_15)",
					"$(LIBRARY_SEARCH_PATHS_QUOTED_FOR_TARGET_2)",
					"$(LIBRARY_SEARCH_PATHS_QUOTED_1)",
					"$(LIBRARY_SEARCH_PATHS_QUOTED_FOR_TARGET_3)",
					"$(LIBRARY_SEARCH_PATHS_QUOTED_FOR_TARGET_7)",
					"$(LIBRARY_SEARCH_PATHS_QUOTED_FOR_TARGET_8)",
					"$(LIBRARY_SEARCH_PATHS_QUOTED_FOR_TARGET_9)",
					"$(LIBRARY_SEARCH_PATHS_QUOTED_FOR_TARGET_10)",
					"$(LIBRARY_SEARCH_PATHS_QUOTED_FOR_TARGET_11)",
					"$(LIBRARY_SEARCH_PATHS_QUOTED_FOR_TARGET_12)",
					"$(LIBRARY_SEARCH_PATHS_QUOTED_FOR_TARGET_13)",
					"$(LIBRARY_SEARCH_PATHS_QUOTED_FOR_TARGET_16)",
					"$(LIBRARY_SEARCH_PATHS_QUOTED_FOR_TARGET_17)",
					"$(LIBRARY_SEARCH_PATHS_QUOTED_FOR_TARGET_18)",
					"$(LIBRARY_SEARCH_PATHS_QUOTED_FOR_TARGET_19)",
					"$(LIBRARY_SEARCH_PATHS_QUOTED_FOR_TARGET_20)",
					"$(LIBRARY_SEARCH_PATHS_QUOTED_FOR_TARGET_21)",
					"$(LIBRARY_SEARCH_PATHS_QUOTED_FOR_TARGET_22)",
					"$(LIBRARY_SEARCH_PATHS_QUOTED_FOR_TARGET_23)",
					"$(LIBRARY_SEARCH_PATHS_QUOTED_FOR_TARGET_24)",
					"$(LIBRARY_SEARCH_PATHS_QUOTED_FOR_TARGET_25)",
					"$(LIBRARY_SEARCH_PATHS_QUOTED_FOR_TARGET_26)",
					"$(LIBRARY_SEARCH_PATHS_QUOTED_FOR_TARGET_27)",
					"$(LIBRARY_SEARCH_PATHS_QUOTED_FOR_TARGET_28)",
					"$(LIBRARY_SEARCH_PATHS_QUOTED_FOR_TARGET_29)",
					"$(LIBRARY_SEARCH_PATHS_QUOTED_FOR_TARGET_30)",
					"$(LIBRARY_SEARCH_PATHS_QUOTED_FOR_TARGET_31)",
					"$(LIBRARY_SEARCH_PATHS_QUOTED_FOR_TARGET_32)",
					"$(LIBRARY_SEARCH_PATHS_QUOTED_FOR_TARGET_33)",
					"$(LIBRARY_SEARCH_PATHS_QUOTED_FOR_TARGET_34)",
					"$(LIBRARY_SEARCH_PATHS_QUOTED_FOR_TARGET_35)",
					"$(LIBRARY_SEARCH_PATHS_QUOTED_FOR_TARGET_36)",
					"$(LIBRARY_SEARCH_PATHS_QUOTED_FOR_TARGET_37)",
					"$(LIBRARY_SEARCH_PATHS_QUOTED_FOR_TARGET_38)",
					"$(LIBRARY_SEARCH_PATHS_QUOTED_FOR_TARGET_39)",
					"$(LIBRARY_SEARCH_PATHS_QUOTED_FOR_TARGET_40)",
					"$(LIBRARY_SEARCH_PATHS_QUOTED_FOR_TARGET_41)",
					"$(LIBRARY_SEARCH_PATHS_QUOTED_FOR_TARGET_42)",
					"$(LIBRARY_SEARCH_PATHS_QUOTED_FOR_TARGET_43)",
					"$(LIBRARY_SEARCH_PATHS_QUOTED_FOR_TARGET_44)",
					"$(LIBRARY_SEARCH_PATHS_QUOTED_FOR_TARGET_45)",
					"$(LIBRARY_SEARCH_PATHS_QUOTED_FOR_TARGET_46)",
					"$(LIBRARY_SEARCH_PATHS_QUOTED_FOR_TARGET_47)",
					"$(LIBRARY_SEARCH_PATHS_QUOTED_FOR_TARGET_48)",
					"$(LIBRARY_SEARCH_PATHS_QUOTED_FOR_TARGET_49)",
					"$(LIBRARY_SEARCH_PATHS_QUOTED_FOR_TARGET_50)",
					"$(LIBRARY_SEARCH_PATHS_QUOTED_FOR_TARGET_51)",
				);
				PREBINDING = NO;
				PRODUCT_NAME = flockAudienceOSC;
				WRAPPER_EXTENSION = app;
			};
			name = Release;
		};
/* End XCBuildConfiguration section */

/* Begin XCConfigurationList section */
		E4B69B4D0A3A1720003C02F2 /* Build configuration list for PBXProject "flockAudienceOSC" */ = {
			isa = XCConfigurationList;
			buildConfigurations = (
				E4B69B4E0A3A1720003C02F2 /* Debug */,
				E4B69B4F0A3A1720003C02F2 /* Release */,
			);
			defaultConfigurationIsVisible = 0;
			defaultConfigurationName = Release;
		};
		E4B69B5F0A3A1757003C02F2 /* Build configuration list for PBXNativeTarget "flockAudienceOSC" */ = {
			isa = XCConfigurationList;
			buildConfigurations = (
				E4B69B600A3A1757003C02F2 /* Debug */,
				E4B69B610A3A1757003C02F2 /* Release */,
			);
			defaultConfigurationIsVisible = 0;
			defaultConfigurationName = Release;
		};
/* End XCConfigurationList section */
	};
	rootObject = E4B69B4C0A3A1720003C02F2 /* Project object */;
}
